<?xml version="1.0" encoding="utf-8"?>
<Project ToolsVersion="4.0" xmlns="http://schemas.microsoft.com/developer/msbuild/2003">
  <ItemGroup>
    <Filter Include="source">
      <UniqueIdentifier>{76FF3A1C-62A1-65F2-4B5C-7946379DEC42}</UniqueIdentifier>
    </Filter>
    <Filter Include="source\omniUsdaWatcher">
      <UniqueIdentifier>{B30651AD-9F00-7AFF-886D-10107406E06B}</UniqueIdentifier>
    </Filter>
  </ItemGroup>
  <ItemGroup>
    <ClCompile Include="..\..\..\source\omniUsdaWatcher\omniUsdaWatcher.cpp">
      <Filter>source\omniUsdaWatcher</Filter>
    </ClCompile>
  </ItemGroup>
  <ItemGroup>
    <None Include="..\..\..\.editorconfig" />
  </ItemGroup>
</Project>